
Microsoft Visual Studio Solution File, Format Version 12.00
# Visual Studio Version 17
VisualStudioVersion = 17.0.31903.59
MinimumVisualStudioVersion = 10.0.40219.1
Project("{FAE04EC0-301F-11D3-BF4B-00C04F79EFBC}") = "WeatherSpider", "WeatherSpider\WeatherSpider.csproj", "{D8641221-0EA2-4BDF-9AD7-842C6B63860F}"
EndProject
Global
	GlobalSection(SolutionConfigurationPlatforms) = preSolution
		Debug|Any CPU = Debug|Any CPU
		Release|Any CPU = Release|Any CPU
	EndGlobalSection
	GlobalSection(ProjectConfigurationPlatforms) = postSolution
		{D8641221-0EA2-4BDF-9AD7-842C6B63860F}.Debug|Any CPU.ActiveCfg = Debug|Any CPU
		{D8641221-0EA2-4BDF-9AD7-842C6B63860F}.Debug|Any CPU.Build.0 = Debug|Any CPU
		{D8641221-0EA2-4BDF-9AD7-842C6B63860F}.Release|Any CPU.ActiveCfg = Release|Any CPU
		{D8641221-0EA2-4BDF-9AD7-842C6B63860F}.Release|Any CPU.Build.0 = Release|Any CPU
	EndGlobalSection
	GlobalSection(SolutionProperties) = preSolution
		HideSolutionNode = FALSE
	EndGlobalSection
	GlobalSection(ExtensibilityGlobals) = postSolution
		SolutionGuid = {B36CB38C-9043-4A1C-9B61-DD1E4449DFF5}
	EndGlobalSection
EndGlobal
